
Microsoft Visual Studio Solution File, Format Version 12.00
# Visual Studio Version 16
VisualStudioVersion = 16.0.30523.141
MinimumVisualStudioVersion = 10.0.40219.1
Project("{FAE04EC0-301F-11D3-BF4B-00C04F79EFBC}") = "Final_Project_DBAS_2023", "Final_Project_DBAS_2023.csproj", "{93335369-9C82-4C18-BA45-5008811E7CE4}"
EndProject
Global
	GlobalSection(SolutionConfigurationPlatforms) = preSolution
		Debug|Any CPU = Debug|Any CPU
		Release|Any CPU = Release|Any CPU
	EndGlobalSection
	GlobalSection(ProjectConfigurationPlatforms) = postSolution
		{93335369-9C82-4C18-BA45-5008811E7CE4}.Debug|Any CPU.ActiveCfg = Debug|Any CPU
		{93335369-9C82-4C18-BA45-5008811E7CE4}.Debug|Any CPU.Build.0 = Debug|Any CPU
		{93335369-9C82-4C18-BA45-5008811E7CE4}.Release|Any CPU.ActiveCfg = Release|Any CPU
		{93335369-9C82-4C18-BA45-5008811E7CE4}.Release|Any CPU.Build.0 = Release|Any CPU
	EndGlobalSection
	GlobalSection(SolutionProperties) = preSolution
		HideSolutionNode = FALSE
	EndGlobalSection
	GlobalSection(ExtensibilityGlobals) = postSolution
		SolutionGuid = {34B7DE90-4981-4147-BDB7-E7C6AD45E88C}
	EndGlobalSection
EndGlobal
